Microsoft Visual Studio Solution File, Format Version 12.00
# Visual Studio 15
Project("{2150E333-8FDC-42A3-9474-1A3956D46DE8}") = "CMakePredefinedTargets", "CMakePredefinedTargets", "{E138FF9B-CC38-3056-AD99-786A62DE4EAE}"
EndProject
Project("{8BC9CEB8-8B4A-11D0-8D11-00A0C91BC942}") = "ALL_BUILD", "ALL_BUILD.vcxproj", "{90D74643-D69A-3AFE-A303-A31320006051}"
	ProjectSection(ProjectDependencies) = postProject
		{DE176646-FB15-366B-846E-370C95AA09AE} = {DE176646-FB15-366B-846E-370C95AA09AE}
		{4F9167DD-6228-39CF-8A2F-C775879F35C0} = {4F9167DD-6228-39CF-8A2F-C775879F35C0}
		{58FAC42A-73B7-36AC-AF80-7A2338474534} = {58FAC42A-73B7-36AC-AF80-7A2338474534}
	EndProjectSection
EndProject
Project("{8BC9CEB8-8B4A-11D0-8D11-00A0C91BC942}") = "ZERO_CHECK", "ZERO_CHECK.vcxproj", "{DE176646-FB15-366B-846E-370C95AA09AE}"
	ProjectSection(ProjectDependencies) = postProject
	EndProjectSection
EndProject
Project("{8BC9CEB8-8B4A-11D0-8D11-00A0C91BC942}") = "libwb", "libwb.vcxproj", "{4F9167DD-6228-39CF-8A2F-C775879F35C0}"
	ProjectSection(ProjectDependencies) = postProject
		{DE176646-FB15-366B-846E-370C95AA09AE} = {DE176646-FB15-366B-846E-370C95AA09AE}
	EndProjectSection
EndProject
Project("{8BC9CEB8-8B4A-11D0-8D11-00A0C91BC942}") = "wb", "wb.vcxproj", "{58FAC42A-73B7-36AC-AF80-7A2338474534}"
	ProjectSection(ProjectDependencies) = postProject
		{DE176646-FB15-366B-846E-370C95AA09AE} = {DE176646-FB15-366B-846E-370C95AA09AE}
	EndProjectSection
EndProject
Global
	GlobalSection(SolutionConfigurationPlatforms) = preSolution
		Debug|x64 = Debug|x64
		Release|x64 = Release|x64
		MinSizeRel|x64 = MinSizeRel|x64
		RelWithDebInfo|x64 = RelWithDebInfo|x64
	EndGlobalSection
	GlobalSection(ProjectConfigurationPlatforms) = postSolution
		{90D74643-D69A-3AFE-A303-A31320006051}.Debug|x64.ActiveCfg = Debug|x64
		{90D74643-D69A-3AFE-A303-A31320006051}.Release|x64.ActiveCfg = Release|x64
		{90D74643-D69A-3AFE-A303-A31320006051}.MinSizeRel|x64.ActiveCfg = MinSizeRel|x64
		{90D74643-D69A-3AFE-A303-A31320006051}.RelWithDebInfo|x64.ActiveCfg = RelWithDebInfo|x64
		{DE176646-FB15-366B-846E-370C95AA09AE}.Debug|x64.ActiveCfg = Debug|x64
		{DE176646-FB15-366B-846E-370C95AA09AE}.Debug|x64.Build.0 = Debug|x64
		{DE176646-FB15-366B-846E-370C95AA09AE}.Release|x64.ActiveCfg = Release|x64
		{DE176646-FB15-366B-846E-370C95AA09AE}.Release|x64.Build.0 = Release|x64
		{DE176646-FB15-366B-846E-370C95AA09AE}.MinSizeRel|x64.ActiveCfg = MinSizeRel|x64
		{DE176646-FB15-366B-846E-370C95AA09AE}.MinSizeRel|x64.Build.0 = MinSizeRel|x64
		{DE176646-FB15-366B-846E-370C95AA09AE}.RelWithDebInfo|x64.ActiveCfg = RelWithDebInfo|x64
		{DE176646-FB15-366B-846E-370C95AA09AE}.RelWithDebInfo|x64.Build.0 = RelWithDebInfo|x64
		{4F9167DD-6228-39CF-8A2F-C775879F35C0}.Debug|x64.ActiveCfg = Debug|x64
		{4F9167DD-6228-39CF-8A2F-C775879F35C0}.Debug|x64.Build.0 = Debug|x64
		{4F9167DD-6228-39CF-8A2F-C775879F35C0}.Release|x64.ActiveCfg = Release|x64
		{4F9167DD-6228-39CF-8A2F-C775879F35C0}.Release|x64.Build.0 = Release|x64
		{4F9167DD-6228-39CF-8A2F-C775879F35C0}.MinSizeRel|x64.ActiveCfg = MinSizeRel|x64
		{4F9167DD-6228-39CF-8A2F-C775879F35C0}.MinSizeRel|x64.Build.0 = MinSizeRel|x64
		{4F9167DD-6228-39CF-8A2F-C775879F35C0}.RelWithDebInfo|x64.ActiveCfg = RelWithDebInfo|x64
		{4F9167DD-6228-39CF-8A2F-C775879F35C0}.RelWithDebInfo|x64.Build.0 = RelWithDebInfo|x64
		{58FAC42A-73B7-36AC-AF80-7A2338474534}.Debug|x64.ActiveCfg = Debug|x64
		{58FAC42A-73B7-36AC-AF80-7A2338474534}.Debug|x64.Build.0 = Debug|x64
		{58FAC42A-73B7-36AC-AF80-7A2338474534}.Release|x64.ActiveCfg = Release|x64
		{58FAC42A-73B7-36AC-AF80-7A2338474534}.Release|x64.Build.0 = Release|x64
		{58FAC42A-73B7-36AC-AF80-7A2338474534}.MinSizeRel|x64.ActiveCfg = MinSizeRel|x64
		{58FAC42A-73B7-36AC-AF80-7A2338474534}.MinSizeRel|x64.Build.0 = MinSizeRel|x64
		{58FAC42A-73B7-36AC-AF80-7A2338474534}.RelWithDebInfo|x64.ActiveCfg = RelWithDebInfo|x64
		{58FAC42A-73B7-36AC-AF80-7A2338474534}.RelWithDebInfo|x64.Build.0 = RelWithDebInfo|x64
	EndGlobalSection
	GlobalSection(NestedProjects) = preSolution
		{90D74643-D69A-3AFE-A303-A31320006051} = {E138FF9B-CC38-3056-AD99-786A62DE4EAE}
		{DE176646-FB15-366B-846E-370C95AA09AE} = {E138FF9B-CC38-3056-AD99-786A62DE4EAE}
	EndGlobalSection
	GlobalSection(ExtensibilityGlobals) = postSolution
		SolutionGuid = {91673C38-8279-3E28-8E8C-94A91F082DE8}
	EndGlobalSection
	GlobalSection(ExtensibilityAddIns) = postSolution
	EndGlobalSection
EndGlobal
